
Microsoft Visual Studio Solution File, Format Version 12.00
# Visual Studio Version 16
VisualStudioVersion = 16.0.30114.105
MinimumVisualStudioVersion = 10.0.40219.1
Project("{FAE04EC0-301F-11D3-BF4B-00C04F79EFBC}") = "ExtractImg", "ExtractImg\ExtractImg.csproj", "{BE91A31D-C55C-4AE4-AC6A-53CEB3DFC431}"
EndProject
Global
	GlobalSection(SolutionConfigurationPlatforms) = preSolution
		Debug|Any CPU = Debug|Any CPU
		Release|Any CPU = Release|Any CPU
	EndGlobalSection
	GlobalSection(ProjectConfigurationPlatforms) = postSolution
		{BE91A31D-C55C-4AE4-AC6A-53CEB3DFC431}.Debug|Any CPU.ActiveCfg = Debug|Any CPU
		{BE91A31D-C55C-4AE4-AC6A-53CEB3DFC431}.Debug|Any CPU.Build.0 = Debug|Any CPU
		{BE91A31D-C55C-4AE4-AC6A-53CEB3DFC431}.Release|Any CPU.ActiveCfg = Release|Any CPU
		{BE91A31D-C55C-4AE4-AC6A-53CEB3DFC431}.Release|Any CPU.Build.0 = Release|Any CPU
	EndGlobalSection
	GlobalSection(SolutionProperties) = preSolution
		HideSolutionNode = FALSE
	EndGlobalSection
	GlobalSection(ExtensibilityGlobals) = postSolution
		SolutionGuid = {06259F4C-DE2E-460A-9C23-EE7179A8D553}
	EndGlobalSection
EndGlobal
